
Microsoft Visual Studio Solution File, Format Version 12.00
# Visual Studio Version 17
VisualStudioVersion = 17.4.33213.308
MinimumVisualStudioVersion = 10.0.40219.1
Project("{FAE04EC0-301F-11D3-BF4B-00C04F79EFBC}") = "SuperHeroAutoMapper", "SuperHeroAutoMapper\SuperHeroAutoMapper.csproj", "{9333ADE8-9A0C-4889-A96D-19D3122C916B}"
EndProject
Global
	GlobalSection(SolutionConfigurationPlatforms) = preSolution
		Debug|Any CPU = Debug|Any CPU
		Release|Any CPU = Release|Any CPU
	EndGlobalSection
	GlobalSection(ProjectConfigurationPlatforms) = postSolution
		{9333ADE8-9A0C-4889-A96D-19D3122C916B}.Debug|Any CPU.ActiveCfg = Debug|Any CPU
		{9333ADE8-9A0C-4889-A96D-19D3122C916B}.Debug|Any CPU.Build.0 = Debug|Any CPU
		{9333ADE8-9A0C-4889-A96D-19D3122C916B}.Release|Any CPU.ActiveCfg = Release|Any CPU
		{9333ADE8-9A0C-4889-A96D-19D3122C916B}.Release|Any CPU.Build.0 = Release|Any CPU
	EndGlobalSection
	GlobalSection(SolutionProperties) = preSolution
		HideSolutionNode = FALSE
	EndGlobalSection
	GlobalSection(ExtensibilityGlobals) = postSolution
		SolutionGuid = {FBB02299-A96B-4BAF-BEC2-2C6164269A6D}
	EndGlobalSection
EndGlobal
